// !$*UTF8*$!
{
	archiveVersion = 1;
	classes = {
	};
	objectVersion = 46;
	objects = {

/* Begin PBXBuildFile section */
		837405481EAFF78C002FD7D6 /* TVShowDetailsViewController.swift in Sources */ = {isa = PBXBuildFile; fileRef = 837405471EAFF78C002FD7D6 /* TVShowDetailsViewController.swift */; };
		83A384671EAFBD8000EE429B /* AppDelegate.swift in Sources */ = {isa = PBXBuildFile; fileRef = 83A384661EAFBD8000EE429B /* AppDelegate.swift */; };
		83A384691EAFBD8000EE429B /* DiagonalTVShowViewController.swift in Sources */ = {isa = PBXBuildFile; fileRef = 83A384681EAFBD8000EE429B /* DiagonalTVShowViewController.swift */; };
		83A3846C1EAFBD8000EE429B /* Main.storyboard in Resources */ = {isa = PBXBuildFile; fileRef = 83A3846A1EAFBD8000EE429B /* Main.storyboard */; };
		83A3846E1EAFBD8000EE429B /* Assets.xcassets in Resources */ = {isa = PBXBuildFile; fileRef = 83A3846D1EAFBD8000EE429B /* Assets.xcassets */; };
		83A384781EAFBDD500EE429B /* UIDigonalViewCell.swift in Sources */ = {isa = PBXBuildFile; fileRef = 83A384771EAFBDD500EE429B /* UIDigonalViewCell.swift */; };
		83A3847A1EAFBE4C00EE429B /* UIDiagonalView.swift in Sources */ = {isa = PBXBuildFile; fileRef = 83A384791EAFBE4C00EE429B /* UIDiagonalView.swift */; };
		83A3847C1EAFBE6300EE429B /* UIDiagonalDelegate.swift in Sources */ = {isa = PBXBuildFile; fileRef = 83A3847B1EAFBE6300EE429B /* UIDiagonalDelegate.swift */; };
		83A3847E1EAFBEE600EE429B /* TVShowItem.swift in Sources */ = {isa = PBXBuildFile; fileRef = 83A3847D1EAFBEE600EE429B /* TVShowItem.swift */; };
		83A384801EAFCBFF00EE429B /* DiagonalTVShowCell.swift in Sources */ = {isa = PBXBuildFile; fileRef = 83A3847F1EAFCBFF00EE429B /* DiagonalTVShowCell.swift */; };
/* End PBXBuildFile section */

/* Begin PBXFileReference section */
		837405471EAFF78C002FD7D6 /* TVShowDetailsViewController.swift */ = {isa = PBXFileReference; fileEncoding = 4; lastKnownFileType = sourcecode.swift; path = TVShowDetailsViewController.swift; sourceTree = "<group>"; };
		83A384631EAFBD8000EE429B /* DiagonalCategory.app */ = {isa = PBXFileReference; explicitFileType = wrapper.application; includeInIndex = 0; path = DiagonalCategory.app; sourceTree = BUILT_PRODUCTS_DIR; };
		83A384661EAFBD8000EE429B /* AppDelegate.swift */ = {isa = PBXFileReference; lastKnownFileType = sourcecode.swift; path = AppDelegate.swift; sourceTree = "<group>"; };
		83A384681EAFBD8000EE429B /* DiagonalTVShowViewController.swift */ = {isa = PBXFileReference; lastKnownFileType = sourcecode.swift; path = DiagonalTVShowViewController.swift; sourceTree = "<group>"; };
		83A3846B1EAFBD8000EE429B /* Base */ = {isa = PBXFileReference; lastKnownFileType = file.storyboard; name = Base; path = Base.lproj/Main.storyboard; sourceTree = "<group>"; };
		83A3846D1EAFBD8000EE429B /* Assets.xcassets */ = {isa = PBXFileReference; lastKnownFileType = folder.assetcatalog; path = Assets.xcassets; sourceTree = "<group>"; };
		83A3846F1EAFBD8000EE429B /* Info.plist */ = {isa = PBXFileReference; lastKnownFileType = text.plist.xml; path = Info.plist; sourceTree = "<group>"; };
		83A384771EAFBDD500EE429B /* UIDigonalViewCell.swift */ = {isa = PBXFileReference; fileEncoding = 4; lastKnownFileType = sourcecode.swift; path = UIDigonalViewCell.swift; sourceTree = "<group>"; };
		83A384791EAFBE4C00EE429B /* UIDiagonalView.swift */ = {isa = PBXFileReference; fileEncoding = 4; lastKnownFileType = sourcecode.swift; path = UIDiagonalView.swift; sourceTree = "<group>"; };
		83A3847B1EAFBE6300EE429B /* UIDiagonalDelegate.swift */ = {isa = PBXFileReference; fileEncoding = 4; lastKnownFileType = sourcecode.swift; path = UIDiagonalDelegate.swift; sourceTree = "<group>"; };
		83A3847D1EAFBEE600EE429B /* TVShowItem.swift */ = {isa = PBXFileReference; fileEncoding = 4; lastKnownFileType = sourcecode.swift; path = TVShowItem.swift; sourceTree = "<group>"; };
		83A3847F1EAFCBFF00EE429B /* DiagonalTVShowCell.swift */ = {isa = PBXFileReference; fileEncoding = 4; lastKnownFileType = sourcecode.swift; path = DiagonalTVShowCell.swift; sourceTree = "<group>"; };
/* End PBXFileReference section */

/* Begin PBXFrameworksBuildPhase section */
		83A384601EAFBD8000EE429B /* Frameworks */ = {
			isa = PBXFrameworksBuildPhase;
			buildActionMask = 2147483647;
			files = (
			);
			runOnlyForDeploymentPostprocessing = 0;
		};
/* End PBXFrameworksBuildPhase section */

/* Begin PBXGroup section */
		83A3845A1EAFBD8000EE429B = {
			isa = PBXGroup;
			children = (
				83A384651EAFBD8000EE429B /* DiagonalCategory */,
				83A384641EAFBD8000EE429B /* Products */,
			);
			sourceTree = "<group>";
		};
		83A384641EAFBD8000EE429B /* Products */ = {
			isa = PBXGroup;
			children = (
				83A384631EAFBD8000EE429B /* DiagonalCategory.app */,
			);
			name = Products;
			sourceTree = "<group>";
		};
		83A384651EAFBD8000EE429B /* DiagonalCategory */ = {
			isa = PBXGroup;
			children = (
				83A384751EAFBDA000EE429B /* UIDiagonal */,
				83A384661EAFBD8000EE429B /* AppDelegate.swift */,
				83A3847F1EAFCBFF00EE429B /* DiagonalTVShowCell.swift */,
				83A384681EAFBD8000EE429B /* DiagonalTVShowViewController.swift */,
				83A3847D1EAFBEE600EE429B /* TVShowItem.swift */,
				837405471EAFF78C002FD7D6 /* TVShowDetailsViewController.swift */,
				83A3846A1EAFBD8000EE429B /* Main.storyboard */,
				83A3846D1EAFBD8000EE429B /* Assets.xcassets */,
				83A3846F1EAFBD8000EE429B /* Info.plist */,
			);
			path = DiagonalCategory;
			sourceTree = "<group>";
		};
		83A384751EAFBDA000EE429B /* UIDiagonal */ = {
			isa = PBXGroup;
			children = (
				83A384761EAFBDB600EE429B /* UIDiagonalCell */,
				83A384791EAFBE4C00EE429B /* UIDiagonalView.swift */,
				83A3847B1EAFBE6300EE429B /* UIDiagonalDelegate.swift */,
			);
			name = UIDiagonal;
			sourceTree = "<group>";
		};
		83A384761EAFBDB600EE429B /* UIDiagonalCell */ = {
			isa = PBXGroup;
			children = (
				83A384771EAFBDD500EE429B /* UIDigonalViewCell.swift */,
			);
			name = UIDiagonalCell;
			sourceTree = "<group>";
		};
/* End PBXGroup section */

/* Begin PBXNativeTarget section */
		83A384621EAFBD8000EE429B /* DiagonalCategory */ = {
			isa = PBXNativeTarget;
			buildConfigurationList = 83A384721EAFBD8000EE429B /* Build configuration list for PBXNativeTarget "DiagonalCategory" */;
			buildPhases = (
				83A3845F1EAFBD8000EE429B /* Sources */,
				83A384601EAFBD8000EE429B /* Frameworks */,
				83A384611EAFBD8000EE429B /* Resources */,
			);
			buildRules = (
			);
			dependencies = (
			);
			name = DiagonalCategory;
			productName = DiagonalCategory;
			productReference = 83A384631EAFBD8000EE429B /* DiagonalCategory.app */;
			productType = "com.apple.product-type.application";
		};
/* End PBXNativeTarget section */

/* Begin PBXProject section */
		83A3845B1EAFBD8000EE429B /* Project object */ = {
			isa = PBXProject;
			attributes = {
				LastSwiftUpdateCheck = 0830;
				LastUpgradeCheck = 0830;
				ORGANIZATIONNAME = "Reza Shirazian";
				TargetAttributes = {
					83A384621EAFBD8000EE429B = {
						CreatedOnToolsVersion = 8.3.2;
						DevelopmentTeam = 6TT3UB3CZS;
						ProvisioningStyle = Automatic;
					};
				};
			};
			buildConfigurationList = 83A3845E1EAFBD8000EE429B /* Build configuration list for PBXProject "DiagonalCategory" */;
			compatibilityVersion = "Xcode 3.2";
			developmentRegion = English;
			hasScannedForEncodings = 0;
			knownRegions = (
				en,
				Base,
			);
			mainGroup = 83A3845A1EAFBD8000EE429B;
			productRefGroup = 83A384641EAFBD8000EE429B /* Products */;
			projectDirPath = "";
			projectRoot = "";
			targets = (
				83A384621EAFBD8000EE429B /* DiagonalCategory */,
			);
		};
/* End PBXProject section */

/* Begin PBXResourcesBuildPhase section */
		83A384611EAFBD8000EE429B /* Resources */ = {
			isa = PBXResourcesBuildPhase;
			buildActionMask = 2147483647;
			files = (
				83A3846E1EAFBD8000EE429B /* Assets.xcassets in Resources */,
				83A3846C1EAFBD8000EE429B /* Main.storyboard in Resources */,
			);
			runOnlyForDeploymentPostprocessing = 0;
		};
/* End PBXResourcesBuildPhase section */

/* Begin PBXSourcesBuildPhase section */
		83A3845F1EAFBD8000EE429B /* Sources */ = {
			isa = PBXSourcesBuildPhase;
			buildActionMask = 2147483647;
			files = (
				83A384691EAFBD8000EE429B /* DiagonalTVShowViewController.swift in Sources */,
				83A3847E1EAFBEE600EE429B /* TVShowItem.swift in Sources */,
				83A384781EAFBDD500EE429B /* UIDigonalViewCell.swift in Sources */,
				83A3847C1EAFBE6300EE429B /* UIDiagonalDelegate.swift in Sources */,
				837405481EAFF78C002FD7D6 /* TVShowDetailsViewController.swift in Sources */,
				83A384671EAFBD8000EE429B /* AppDelegate.swift in Sources */,
				83A3847A1EAFBE4C00EE429B /* UIDiagonalView.swift in Sources */,
				83A384801EAFCBFF00EE429B /* DiagonalTVShowCell.swift in Sources */,
			);
			runOnlyForDeploymentPostprocessing = 0;
		};
/* End PBXSourcesBuildPhase section */

/* Begin PBXVariantGroup section */
		83A3846A1EAFBD8000EE429B /* Main.storyboard */ = {
			isa = PBXVariantGroup;
			children = (
				83A3846B1EAFBD8000EE429B /* Base */,
			);
			name = Main.storyboard;
			sourceTree = "<group>";
		};
/* End PBXVariantGroup section */

/* Begin XCBuildConfiguration section */
		83A384701EAFBD8000EE429B /* Debug */ = {
			isa = XCBuildConfiguration;
			buildSettings = {
				ALWAYS_SEARCH_USER_PATHS = NO;
				CLANG_ANALYZER_NONNULL = YES;
				CLANG_ANALYZER_NUMBER_OBJECT_CONVERSION = YES_AGGRESSIVE;
				CLANG_CXX_LANGUAGE_STANDARD = "gnu++0x";
				CLANG_CXX_LIBRARY = "libc++";
				CLANG_ENABLE_MODULES = YES;
				CLANG_ENABLE_OBJC_ARC = YES;
				CLANG_WARN_BOOL_CONVERSION = YES;
				CLANG_WARN_CONSTANT_CONVERSION = YES;
				CLANG_WARN_DIRECT_OBJC_ISA_USAGE = YES_ERROR;
				CLANG_WARN_DOCUMENTATION_COMMENTS = YES;
				CLANG_WARN_EMPTY_BODY = YES;
				CLANG_WARN_ENUM_CONVERSION = YES;
				CLANG_WARN_INFINITE_RECURSION = YES;
				CLANG_WARN_INT_CONVERSION = YES;
				CLANG_WARN_OBJC_ROOT_CLASS = YES_ERROR;
				CLANG_WARN_SUSPICIOUS_MOVE = YES;
				CLANG_WARN_UNREACHABLE_CODE = YES;
				CLANG_WARN__DUPLICATE_METHOD_MATCH = YES;
				COPY_PHASE_STRIP = NO;
				DEBUG_INFORMATION_FORMAT = dwarf;
				ENABLE_STRICT_OBJC_MSGSEND = YES;
				ENABLE_TESTABILITY = YES;
				GCC_C_LANGUAGE_STANDARD = gnu99;
				GCC_DYNAMIC_NO_PIC = NO;
				GCC_NO_COMMON_BLOCKS = YES;
				GCC_OPTIMIZATION_LEVEL = 0;
				GCC_PREPROCESSOR_DEFINITIONS = (
					"DEBUG=1",
					"$(inherited)",
				);
				GCC_WARN_64_TO_32_BIT_CONVERSION = YES;
				GCC_WARN_ABOUT_RETURN_TYPE = YES_ERROR;
				GCC_WARN_UNDECLARED_SELECTOR = YES;
				GCC_WARN_UNINITIALIZED_AUTOS = YES_AGGRESSIVE;
				GCC_WARN_UNUSED_FUNCTION = YES;
				GCC_WARN_UNUSED_VARIABLE = YES;
				MTL_ENABLE_DEBUG_INFO = YES;
				ONLY_ACTIVE_ARCH = YES;
				SDKROOT = appletvos;
				SWIFT_ACTIVE_COMPILATION_CONDITIONS = DEBUG;
				SWIFT_OPTIMIZATION_LEVEL = "-Onone";
				TARGETED_DEVICE_FAMILY = 3;
				TVOS_DEPLOYMENT_TARGET = 10.2;
			};
			name = Debug;
		};
		83A384711EAFBD8000EE429B /* Release */ = {
			isa = XCBuildConfiguration;
			buildSettings = {
				ALWAYS_SEARCH_USER_PATHS = NO;
				CLANG_ANALYZER_NONNULL = YES;
				CLANG_ANALYZER_NUMBER_OBJECT_CONVERSION = YES_AGGRESSIVE;
				CLANG_CXX_LANGUAGE_STANDARD = "gnu++0x";
				CLANG_CXX_LIBRARY = "libc++";
				CLANG_ENABLE_MODULES = YES;
				CLANG_ENABLE_OBJC_ARC = YES;
				CLANG_WARN_BOOL_CONVERSION = YES;
				CLANG_WARN_CONSTANT_CONVERSION = YES;
				CLANG_WARN_DIRECT_OBJC_ISA_USAGE = YES_ERROR;
				CLANG_WARN_DOCUMENTATION_COMMENTS = YES;
				CLANG_WARN_EMPTY_BODY = YES;
				CLANG_WARN_ENUM_CONVERSION = YES;
				CLANG_WARN_INFINITE_RECURSION = YES;
				CLANG_WARN_INT_CONVERSION = YES;
				CLANG_WARN_OBJC_ROOT_CLASS = YES_ERROR;
				CLANG_WARN_SUSPICIOUS_MOVE = YES;
				CLANG_WARN_UNREACHABLE_CODE = YES;
				CLANG_WARN__DUPLICATE_METHOD_MATCH = YES;
				COPY_PHASE_STRIP = NO;
				DEBUG_INFORMATION_FORMAT = "dwarf-with-dsym";
				ENABLE_NS_ASSERTIONS = NO;
				ENABLE_STRICT_OBJC_MSGSEND = YES;
				GCC_C_LANGUAGE_STANDARD = gnu99;
				GCC_NO_COMMON_BLOCKS = YES;
				GCC_WARN_64_TO_32_BIT_CONVERSION = YES;
				GCC_WARN_ABOUT_RETURN_TYPE = YES_ERROR;
				GCC_WARN_UNDECLARED_SELECTOR = YES;
				GCC_WARN_UNINITIALIZED_AUTOS = YES_AGGRESSIVE;
				GCC_WARN_UNUSED_FUNCTION = YES;
				GCC_WARN_UNUSED_VARIABLE = YES;
				MTL_ENABLE_DEBUG_INFO = NO;
				SDKROOT = appletvos;
				SWIFT_OPTIMIZATION_LEVEL = "-Owholemodule";
				TARGETED_DEVICE_FAMILY = 3;
				TVOS_DEPLOYMENT_TARGET = 10.2;
				VALIDATE_PRODUCT = YES;
			};
			name = Release;
		};
		83A384731EAFBD8000EE429B /* Debug */ = {
			isa = XCBuildConfiguration;
			buildSettings = {
				ASSETCATALOG_COMPILER_APPICON_NAME = "App Icon & Top Shelf Image";
				ASSETCATALOG_COMPILER_LAUNCHIMAGE_NAME = LaunchImage;
				DEVELOPMENT_TEAM = 6TT3UB3CZS;
				INFOPLIST_FILE = DiagonalCategory/Info.plist;
				LD_RUNPATH_SEARCH_PATHS = "$(inherited) @executable_path/Frameworks";
				PRODUCT_BUNDLE_IDENTIFIER = com.reza.DiagonalCategory;
				PRODUCT_NAME = "$(TARGET_NAME)";
				SWIFT_VERSION = 3.0;
			};
			name = Debug;
		};
		83A384741EAFBD8000EE429B /* Release */ = {
			isa = XCBuildConfiguration;
			buildSettings = {
				ASSETCATALOG_COMPILER_APPICON_NAME = "App Icon & Top Shelf Image";
				ASSETCATALOG_COMPILER_LAUNCHIMAGE_NAME = LaunchImage;
				DEVELOPMENT_TEAM = 6TT3UB3CZS;
				INFOPLIST_FILE = DiagonalCategory/Info.plist;
				LD_RUNPATH_SEARCH_PATHS = "$(inherited) @executable_path/Frameworks";
				PRODUCT_BUNDLE_IDENTIFIER = com.reza.DiagonalCategory;
				PRODUCT_NAME = "$(TARGET_NAME)";
				SWIFT_VERSION = 3.0;
			};
			name = Release;
		};
/* End XCBuildConfiguration section */

/* Begin XCConfigurationList section */
		83A3845E1EAFBD8000EE429B /* Build configuration list for PBXProject "DiagonalCategory" */ = {
			isa = XCConfigurationList;
			buildConfigurations = (
				83A384701EAFBD8000EE429B /* Debug */,
				83A384711EAFBD8000EE429B /* Release */,
			);
			defaultConfigurationIsVisible = 0;
			defaultConfigurationName = Release;
		};
		83A384721EAFBD8000EE429B /* Build configuration list for PBXNativeTarget "DiagonalCategory" */ = {
			isa = XCConfigurationList;
			buildConfigurations = (
				83A384731EAFBD8000EE429B /* Debug */,
				83A384741EAFBD8000EE429B /* Release */,
			);
			defaultConfigurationIsVisible = 0;
			defaultConfigurationName = Release;
		};
/* End XCConfigurationList section */
	};
	rootObject = 83A3845B1EAFBD8000EE429B /* Project object */;
}
